
Microsoft Visual Studio Solution File, Format Version 12.00
# Visual Studio Version 17
VisualStudioVersion = 17.3.32901.215
MinimumVisualStudioVersion = 10.0.40219.1
Project("{FAE04EC0-301F-11D3-BF4B-00C04F79EFBC}") = "AzureFunctions.SingletonTaskDrainer", "AzureFunctions.SingletonTaskDrainer\AzureFunctions.SingletonTaskDrainer.csproj", "{4E01384E-9D2E-42CE-AE56-03409D4E5B90}"
EndProject
Global
	GlobalSection(SolutionConfigurationPlatforms) = preSolution
		Debug|Any CPU = Debug|Any CPU
		Release|Any CPU = Release|Any CPU
	EndGlobalSection
	GlobalSection(ProjectConfigurationPlatforms) = postSolution
		{4E01384E-9D2E-42CE-AE56-03409D4E5B90}.Debug|Any CPU.ActiveCfg = Debug|Any CPU
		{4E01384E-9D2E-42CE-AE56-03409D4E5B90}.Debug|Any CPU.Build.0 = Debug|Any CPU
		{4E01384E-9D2E-42CE-AE56-03409D4E5B90}.Release|Any CPU.ActiveCfg = Release|Any CPU
		{4E01384E-9D2E-42CE-AE56-03409D4E5B90}.Release|Any CPU.Build.0 = Release|Any CPU
	EndGlobalSection
	GlobalSection(SolutionProperties) = preSolution
		HideSolutionNode = FALSE
	EndGlobalSection
	GlobalSection(ExtensibilityGlobals) = postSolution
		SolutionGuid = {3E17812B-719F-4B2E-A1D3-7AB59383D3D4}
	EndGlobalSection
EndGlobal
